// !$*UTF8*$!
{
	archiveVersion = 1;
	classes = {
	};
	objectVersion = 46;
	objects = {

/* Begin PBXBuildFile section */
		46AB95C81F66EE9E00D7AF56 /* AppDelegate.swift in Sources */ = {isa = PBXBuildFile; fileRef = 46AB95C71F66EE9E00D7AF56 /* AppDelegate.swift */; };
		46AB95CA1F66EE9E00D7AF56 /* ViewController.swift in Sources */ = {isa = PBXBuildFile; fileRef = 46AB95C91F66EE9E00D7AF56 /* ViewController.swift */; };
		46AB95CD1F66EE9E00D7AF56 /* Main.storyboard in Resources */ = {isa = PBXBuildFile; fileRef = 46AB95CB1F66EE9E00D7AF56 /* Main.storyboard */; };
		46AB95CF1F66EE9E00D7AF56 /* Images.xcassets in Resources */ = {isa = PBXBuildFile; fileRef = 46AB95CE1F66EE9E00D7AF56 /* Images.xcassets */; };
		46AB95D21F66EE9E00D7AF56 /* LaunchScreen.xib in Resources */ = {isa = PBXBuildFile; fileRef = 46AB95D01F66EE9E00D7AF56 /* LaunchScreen.xib */; };
		46AB95DE1F66EE9E00D7AF56 /* FatYakTests.swift in Sources */ = {isa = PBXBuildFile; fileRef = 46AB95DD1F66EE9E00D7AF56 /* FatYakTests.swift */; };
/* End PBXBuildFile section */

/* Begin PBXContainerItemProxy section */
		46AB95D81F66EE9E00D7AF56 /* PBXContainerItemProxy */ = {
			isa = PBXContainerItemProxy;
			containerPortal = 46AB95BA1F66EE9D00D7AF56 /* Project object */;
			proxyType = 1;
			remoteGlobalIDString = 46AB95C11F66EE9E00D7AF56;
			remoteInfo = FatYak;
		};
/* End PBXContainerItemProxy section */

/* Begin PBXFileReference section */
		46AB95C21F66EE9E00D7AF56 /* FatYak.app */ = {isa = PBXFileReference; explicitFileType = wrapper.application; includeInIndex = 0; path = FatYak.app; sourceTree = BUILT_PRODUCTS_DIR; };
		46AB95C61F66EE9E00D7AF56 /* Info.plist */ = {isa = PBXFileReference; lastKnownFileType = text.plist.xml; path = Info.plist; sourceTree = "<group>"; };
		46AB95C71F66EE9E00D7AF56 /* AppDelegate.swift */ = {isa = PBXFileReference; lastKnownFileType = sourcecode.swift; path = AppDelegate.swift; sourceTree = "<group>"; };
		46AB95C91F66EE9E00D7AF56 /* ViewController.swift */ = {isa = PBXFileReference; lastKnownFileType = sourcecode.swift; path = ViewController.swift; sourceTree = "<group>"; };
		46AB95CC1F66EE9E00D7AF56 /* Base */ = {isa = PBXFileReference; lastKnownFileType = file.storyboard; name = Base; path = Base.lproj/Main.storyboard; sourceTree = "<group>"; };
		46AB95CE1F66EE9E00D7AF56 /* Images.xcassets */ = {isa = PBXFileReference; lastKnownFileType = folder.assetcatalog; path = Images.xcassets; sourceTree = "<group>"; };
		46AB95D11F66EE9E00D7AF56 /* Base */ = {isa = PBXFileReference; lastKnownFileType = file.xib; name = Base; path = Base.lproj/LaunchScreen.xib; sourceTree = "<group>"; };
		46AB95D71F66EE9E00D7AF56 /* FatYakTests.xctest */ = {isa = PBXFileReference; explicitFileType = wrapper.cfbundle; includeInIndex = 0; path = FatYakTests.xctest; sourceTree = BUILT_PRODUCTS_DIR; };
		46AB95DC1F66EE9E00D7AF56 /* Info.plist */ = {isa = PBXFileReference; lastKnownFileType = text.plist.xml; path = Info.plist; sourceTree = "<group>"; };
		46AB95DD1F66EE9E00D7AF56 /* FatYakTests.swift */ = {isa = PBXFileReference; lastKnownFileType = sourcecode.swift; path = FatYakTests.swift; sourceTree = "<group>"; };
/* End PBXFileReference section */

/* Begin PBXFrameworksBuildPhase section */
		46AB95BF1F66EE9E00D7AF56 /* Frameworks */ = {
			isa = PBXFrameworksBuildPhase;
			buildActionMask = 2147483647;
			files = (
			);
			runOnlyForDeploymentPostprocessing = 0;
		};
		46AB95D41F66EE9E00D7AF56 /* Frameworks */ = {
			isa = PBXFrameworksBuildPhase;
			buildActionMask = 2147483647;
			files = (
			);
			runOnlyForDeploymentPostprocessing = 0;
		};
/* End PBXFrameworksBuildPhase section */

/* Begin PBXGroup section */
		46AB95B91F66EE9D00D7AF56 = {
			isa = PBXGroup;
			children = (
				46AB95C41F66EE9E00D7AF56 /* FatYak */,
				46AB95DA1F66EE9E00D7AF56 /* FatYakTests */,
				46AB95C31F66EE9E00D7AF56 /* Products */,
			);
			sourceTree = "<group>";
		};
		46AB95C31F66EE9E00D7AF56 /* Products */ = {
			isa = PBXGroup;
			children = (
				46AB95C21F66EE9E00D7AF56 /* FatYak.app */,
				46AB95D71F66EE9E00D7AF56 /* FatYakTests.xctest */,
			);
			name = Products;
			sourceTree = "<group>";
		};
		46AB95C41F66EE9E00D7AF56 /* FatYak */ = {
			isa = PBXGroup;
			children = (
				46AB95C71F66EE9E00D7AF56 /* AppDelegate.swift */,
				46AB95C91F66EE9E00D7AF56 /* ViewController.swift */,
				46AB95CB1F66EE9E00D7AF56 /* Main.storyboard */,
				46AB95CE1F66EE9E00D7AF56 /* Images.xcassets */,
				46AB95D01F66EE9E00D7AF56 /* LaunchScreen.xib */,
				46AB95C51F66EE9E00D7AF56 /* Supporting Files */,
			);
			path = FatYak;
			sourceTree = "<group>";
		};
		46AB95C51F66EE9E00D7AF56 /* Supporting Files */ = {
			isa = PBXGroup;
			children = (
				46AB95C61F66EE9E00D7AF56 /* Info.plist */,
			);
			name = "Supporting Files";
			sourceTree = "<group>";
		};
		46AB95DA1F66EE9E00D7AF56 /* FatYakTests */ = {
			isa = PBXGroup;
			children = (
				46AB95DD1F66EE9E00D7AF56 /* FatYakTests.swift */,
				46AB95DB1F66EE9E00D7AF56 /* Supporting Files */,
			);
			path = FatYakTests;
			sourceTree = "<group>";
		};
		46AB95DB1F66EE9E00D7AF56 /* Supporting Files */ = {
			isa = PBXGroup;
			children = (
				46AB95DC1F66EE9E00D7AF56 /* Info.plist */,
			);
			name = "Supporting Files";
			sourceTree = "<group>";
		};
/* End PBXGroup section */

/* Begin PBXNativeTarget section */
		46AB95C11F66EE9E00D7AF56 /* FatYak */ = {
			isa = PBXNativeTarget;
			buildConfigurationList = 46AB95E11F66EE9E00D7AF56 /* Build configuration list for PBXNativeTarget "FatYak" */;
			buildPhases = (
				46AB95BE1F66EE9E00D7AF56 /* Sources */,
				46AB95BF1F66EE9E00D7AF56 /* Frameworks */,
				46AB95C01F66EE9E00D7AF56 /* Resources */,
			);
			buildRules = (
			);
			dependencies = (
			);
			name = FatYak;
			productName = FatYak;
			productReference = 46AB95C21F66EE9E00D7AF56 /* FatYak.app */;
			productType = "com.apple.product-type.application";
		};
		46AB95D61F66EE9E00D7AF56 /* FatYakTests */ = {
			isa = PBXNativeTarget;
			buildConfigurationList = 46AB95E41F66EE9E00D7AF56 /* Build configuration list for PBXNativeTarget "FatYakTests" */;
			buildPhases = (
				46AB95D31F66EE9E00D7AF56 /* Sources */,
				46AB95D41F66EE9E00D7AF56 /* Frameworks */,
				46AB95D51F66EE9E00D7AF56 /* Resources */,
			);
			buildRules = (
			);
			dependencies = (
				46AB95D91F66EE9E00D7AF56 /* PBXTargetDependency */,
			);
			name = FatYakTests;
			productName = FatYakTests;
			productReference = 46AB95D71F66EE9E00D7AF56 /* FatYakTests.xctest */;
			productType = "com.apple.product-type.bundle.unit-test";
		};
/* End PBXNativeTarget section */

/* Begin PBXProject section */
		46AB95BA1F66EE9D00D7AF56 /* Project object */ = {
			isa = PBXProject;
			attributes = {
				LastUpgradeCheck = 0640;
				ORGANIZATIONNAME = "Emma Makinson";
				TargetAttributes = {
					46AB95C11F66EE9E00D7AF56 = {
						CreatedOnToolsVersion = 6.4;
					};
					46AB95D61F66EE9E00D7AF56 = {
						CreatedOnToolsVersion = 6.4;
						TestTargetID = 46AB95C11F66EE9E00D7AF56;
					};
				};
			};
			buildConfigurationList = 46AB95BD1F66EE9D00D7AF56 /* Build configuration list for PBXProject "FatYak" */;
			compatibilityVersion = "Xcode 3.2";
			developmentRegion = English;
			hasScannedForEncodings = 0;
			knownRegions = (
				en,
				Base,
			);
			mainGroup = 46AB95B91F66EE9D00D7AF56;
			productRefGroup = 46AB95C31F66EE9E00D7AF56 /* Products */;
			projectDirPath = "";
			projectRoot = "";
			targets = (
				46AB95C11F66EE9E00D7AF56 /* FatYak */,
				46AB95D61F66EE9E00D7AF56 /* FatYakTests */,
			);
		};
/* End PBXProject section */

/* Begin PBXResourcesBuildPhase section */
		46AB95C01F66EE9E00D7AF56 /* Resources */ = {
			isa = PBXResourcesBuildPhase;
			buildActionMask = 2147483647;
			files = (
				46AB95CD1F66EE9E00D7AF56 /* Main.storyboard in Resources */,
				46AB95D21F66EE9E00D7AF56 /* LaunchScreen.xib in Resources */,
				46AB95CF1F66EE9E00D7AF56 /* Images.xcassets in Resources */,
			);
			runOnlyForDeploymentPostprocessing = 0;
		};
		46AB95D51F66EE9E00D7AF56 /* Resources */ = {
			isa = PBXResourcesBuildPhase;
			buildActionMask = 2147483647;
			files = (
			);
			runOnlyForDeploymentPostprocessing = 0;
		};
/* End PBXResourcesBuildPhase section */

/* Begin PBXSourcesBuildPhase section */
		46AB95BE1F66EE9E00D7AF56 /* Sources */ = {
			isa = PBXSourcesBuildPhase;
			buildActionMask = 2147483647;
			files = (
				46AB95CA1F66EE9E00D7AF56 /* ViewController.swift in Sources */,
				46AB95C81F66EE9E00D7AF56 /* AppDelegate.swift in Sources */,
			);
			runOnlyForDeploymentPostprocessing = 0;
		};
		46AB95D31F66EE9E00D7AF56 /* Sources */ = {
			isa = PBXSourcesBuildPhase;
			buildActionMask = 2147483647;
			files = (
				46AB95DE1F66EE9E00D7AF56 /* FatYakTests.swift in Sources */,
			);
			runOnlyForDeploymentPostprocessing = 0;
		};
/* End PBXSourcesBuildPhase section */

/* Begin PBXTargetDependency section */
		46AB95D91F66EE9E00D7AF56 /* PBXTargetDependency */ = {
			isa = PBXTargetDependency;
			target = 46AB95C11F66EE9E00D7AF56 /* FatYak */;
			targetProxy = 46AB95D81F66EE9E00D7AF56 /* PBXContainerItemProxy */;
		};
/* End PBXTargetDependency section */

/* Begin PBXVariantGroup section */
		46AB95CB1F66EE9E00D7AF56 /* Main.storyboard */ = {
			isa = PBXVariantGroup;
			children = (
				46AB95CC1F66EE9E00D7AF56 /* Base */,
			);
			name = Main.storyboard;
			sourceTree = "<group>";
		};
		46AB95D01F66EE9E00D7AF56 /* LaunchScreen.xib */ = {
			isa = PBXVariantGroup;
			children = (
				46AB95D11F66EE9E00D7AF56 /* Base */,
			);
			name = LaunchScreen.xib;
			sourceTree = "<group>";
		};
/* End PBXVariantGroup section */

/* Begin XCBuildConfiguration section */
		46AB95DF1F66EE9E00D7AF56 /* Debug */ = {
			isa = XCBuildConfiguration;
			buildSettings = {
				ALWAYS_SEARCH_USER_PATHS = NO;
				CLANG_CXX_LANGUAGE_STANDARD = "gnu++0x";
				CLANG_CXX_LIBRARY = "libc++";
				CLANG_ENABLE_MODULES = YES;
				CLANG_ENABLE_OBJC_ARC = YES;
				CLANG_WARN_BOOL_CONVERSION = YES;
				CLANG_WARN_CONSTANT_CONVERSION = YES;
				CLANG_WARN_DIRECT_OBJC_ISA_USAGE = YES_ERROR;
				CLANG_WARN_EMPTY_BODY = YES;
				CLANG_WARN_ENUM_CONVERSION = YES;
				CLANG_WARN_INT_CONVERSION = YES;
				CLANG_WARN_OBJC_ROOT_CLASS = YES_ERROR;
				CLANG_WARN_UNREACHABLE_CODE = YES;
				CLANG_WARN__DUPLICATE_METHOD_MATCH = YES;
				"CODE_SIGN_IDENTITY[sdk=iphoneos*]" = "iPhone Developer";
				COPY_PHASE_STRIP = NO;
				DEBUG_INFORMATION_FORMAT = "dwarf-with-dsym";
				ENABLE_STRICT_OBJC_MSGSEND = YES;
				GCC_C_LANGUAGE_STANDARD = gnu99;
				GCC_DYNAMIC_NO_PIC = NO;
				GCC_NO_COMMON_BLOCKS = YES;
				GCC_OPTIMIZATION_LEVEL = 0;
				GCC_PREPROCESSOR_DEFINITIONS = (
					"DEBUG=1",
					"$(inherited)",
				);
				GCC_SYMBOLS_PRIVATE_EXTERN = NO;
				GCC_WARN_64_TO_32_BIT_CONVERSION = YES;
				GCC_WARN_ABOUT_RETURN_TYPE = YES_ERROR;
				GCC_WARN_UNDECLARED_SELECTOR = YES;
				GCC_WARN_UNINITIALIZED_AUTOS = YES_AGGRESSIVE;
				GCC_WARN_UNUSED_FUNCTION = YES;
				GCC_WARN_UNUSED_VARIABLE = YES;
				IPHONEOS_DEPLOYMENT_TARGET = 8.4;
				MTL_ENABLE_DEBUG_INFO = YES;
				ONLY_ACTIVE_ARCH = YES;
				SDKROOT = iphoneos;
				SWIFT_OPTIMIZATION_LEVEL = "-Onone";
				TARGETED_DEVICE_FAMILY = "1,2";
			};
			name = Debug;
		};
		46AB95E01F66EE9E00D7AF56 /* Release */ = {
			isa = XCBuildConfiguration;
			buildSettings = {
				ALWAYS_SEARCH_USER_PATHS = NO;
				CLANG_CXX_LANGUAGE_STANDARD = "gnu++0x";
				CLANG_CXX_LIBRARY = "libc++";
				CLANG_ENABLE_MODULES = YES;
				CLANG_ENABLE_OBJC_ARC = YES;
				CLANG_WARN_BOOL_CONVERSION = YES;
				CLANG_WARN_CONSTANT_CONVERSION = YES;
				CLANG_WARN_DIRECT_OBJC_ISA_USAGE = YES_ERROR;
				CLANG_WARN_EMPTY_BODY = YES;
				CLANG_WARN_ENUM_CONVERSION = YES;
				CLANG_WARN_INT_CONVERSION = YES;
				CLANG_WARN_OBJC_ROOT_CLASS = YES_ERROR;
				CLANG_WARN_UNREACHABLE_CODE = YES;
				CLANG_WARN__DUPLICATE_METHOD_MATCH = YES;
				"CODE_SIGN_IDENTITY[sdk=iphoneos*]" = "iPhone Developer";
				COPY_PHASE_STRIP = NO;
				DEBUG_INFORMATION_FORMAT = "dwarf-with-dsym";
				ENABLE_NS_ASSERTIONS = NO;
				ENABLE_STRICT_OBJC_MSGSEND = YES;
				GCC_C_LANGUAGE_STANDARD = gnu99;
				GCC_NO_COMMON_BLOCKS = YES;
				GCC_WARN_64_TO_32_BIT_CONVERSION = YES;
				GCC_WARN_ABOUT_RETURN_TYPE = YES_ERROR;
				GCC_WARN_UNDECLARED_SELECTOR = YES;
				GCC_WARN_UNINITIALIZED_AUTOS = YES_AGGRESSIVE;
				GCC_WARN_UNUSED_FUNCTION = YES;
				GCC_WARN_UNUSED_VARIABLE = YES;
				IPHONEOS_DEPLOYMENT_TARGET = 8.4;
				MTL_ENABLE_DEBUG_INFO = NO;
				SDKROOT = iphoneos;
				TARGETED_DEVICE_FAMILY = "1,2";
				VALIDATE_PRODUCT = YES;
			};
			name = Release;
		};
		46AB95E21F66EE9E00D7AF56 /* Debug */ = {
			isa = XCBuildConfiguration;
			buildSettings = {
				ASSETCATALOG_COMPILER_APPICON_NAME = AppIcon;
				INFOPLIST_FILE = FatYak/Info.plist;
				LD_RUNPATH_SEARCH_PATHS = "$(inherited) @executable_path/Frameworks";
				PRODUCT_NAME = "$(TARGET_NAME)";
			};
			name = Debug;
		};
		46AB95E31F66EE9E00D7AF56 /* Release */ = {
			isa = XCBuildConfiguration;
			buildSettings = {
				ASSETCATALOG_COMPILER_APPICON_NAME = AppIcon;
				INFOPLIST_FILE = FatYak/Info.plist;
				LD_RUNPATH_SEARCH_PATHS = "$(inherited) @executable_path/Frameworks";
				PRODUCT_NAME = "$(TARGET_NAME)";
			};
			name = Release;
		};
		46AB95E51F66EE9E00D7AF56 /* Debug */ = {
			isa = XCBuildConfiguration;
			buildSettings = {
				BUNDLE_LOADER = "$(TEST_HOST)";
				FRAMEWORK_SEARCH_PATHS = (
					"$(SDKROOT)/Developer/Library/Frameworks",
					"$(inherited)",
				);
				GCC_PREPROCESSOR_DEFINITIONS = (
					"DEBUG=1",
					"$(inherited)",
				);
				INFOPLIST_FILE = FatYakTests/Info.plist;
				LD_RUNPATH_SEARCH_PATHS = "$(inherited) @executable_path/Frameworks @loader_path/Frameworks";
				PRODUCT_NAME = "$(TARGET_NAME)";
				TEST_HOST = "$(BUILT_PRODUCTS_DIR)/FatYak.app/FatYak";
			};
			name = Debug;
		};
		46AB95E61F66EE9E00D7AF56 /* Release */ = {
			isa = XCBuildConfiguration;
			buildSettings = {
				BUNDLE_LOADER = "$(TEST_HOST)";
				FRAMEWORK_SEARCH_PATHS = (
					"$(SDKROOT)/Developer/Library/Frameworks",
					"$(inherited)",
				);
				INFOPLIST_FILE = FatYakTests/Info.plist;
				LD_RUNPATH_SEARCH_PATHS = "$(inherited) @executable_path/Frameworks @loader_path/Frameworks";
				PRODUCT_NAME = "$(TARGET_NAME)";
				TEST_HOST = "$(BUILT_PRODUCTS_DIR)/FatYak.app/FatYak";
			};
			name = Release;
		};
/* End XCBuildConfiguration section */

/* Begin XCConfigurationList section */
		46AB95BD1F66EE9D00D7AF56 /* Build configuration list for PBXProject "FatYak" */ = {
			isa = XCConfigurationList;
			buildConfigurations = (
				46AB95DF1F66EE9E00D7AF56 /* Debug */,
				46AB95E01F66EE9E00D7AF56 /* Release */,
			);
			defaultConfigurationIsVisible = 0;
			defaultConfigurationName = Release;
		};
		46AB95E11F66EE9E00D7AF56 /* Build configuration list for PBXNativeTarget "FatYak" */ = {
			isa = XCConfigurationList;
			buildConfigurations = (
				46AB95E21F66EE9E00D7AF56 /* Debug */,
				46AB95E31F66EE9E00D7AF56 /* Release */,
			);
			defaultConfigurationIsVisible = 0;
		};
		46AB95E41F66EE9E00D7AF56 /* Build configuration list for PBXNativeTarget "FatYakTests" */ = {
			isa = XCConfigurationList;
			buildConfigurations = (
				46AB95E51F66EE9E00D7AF56 /* Debug */,
				46AB95E61F66EE9E00D7AF56 /* Release */,
			);
			defaultConfigurationIsVisible = 0;
		};
/* End XCConfigurationList section */
	};
	rootObject = 46AB95BA1F66EE9D00D7AF56 /* Project object */;
}
